// !$*UTF8*$!
{
	archiveVersion = 1;
	classes = {
	};
	objectVersion = 77;
	objects = {

/* Begin PBXBuildFile section */
		7D9E660AC3BC617584BF2ED4 /* ContentView.swift in Sources */ = {isa = PBXBuildFile; fileRef = D5A0374C2A3F0FA39E712247 /* ContentView.swift */; };
		AB98F042AD667B3869864695 /* Models.swift in Sources */ = {isa = PBXBuildFile; fileRef = 9E076CDCE1FAF4B44999AD48 /* Models.swift */; };
		AD40D1B93501EF86CC44A6E2 /* LibraryView.swift in Sources */ = {isa = PBXBuildFile; fileRef = A73F001FD576A67A5C74E672 /* LibraryView.swift */; };
		CCD4B3F294E86D9CB497894C /* LibraryStore.swift in Sources */ = {isa = PBXBuildFile; fileRef = 4F804113E58D5EC363266C57 /* LibraryStore.swift */; };
		DC969430E0D3916FF5955BCF /* libsqlite3.tbd in Frameworks */ = {isa = PBXBuildFile; fileRef = 0FBDCD633CF1E631AEFE6D19 /* libsqlite3.tbd */; };
		E12121D261E1F662EEBB9445 /* EngineManager.swift in Sources */ = {isa = PBXBuildFile; fileRef = F6EDD7E0E822419070AC6026 /* EngineManager.swift */; };
		F9CD7E17B5B211260D233E71 /* MoisesLocalMacApp.swift in Sources */ = {isa = PBXBuildFile; fileRef = 1102C6659C7D99D1B01CADC8 /* MoisesLocalMacApp.swift */; };
		FB0EF18B3DA2262E25502758 /* EngineClient.swift in Sources */ = {isa = PBXBuildFile; fileRef = 151D4BD11BFA41633506903E /* EngineClient.swift */; };
/* End PBXBuildFile section */

/* Begin PBXFileReference section */
		0FBDCD633CF1E631AEFE6D19 /* libsqlite3.tbd */ = {isa = PBXFileReference; lastKnownFileType = "sourcecode.text-based-dylib-definition"; name = libsqlite3.tbd; path = usr/lib/libsqlite3.tbd; sourceTree = SDKROOT; };
		1102C6659C7D99D1B01CADC8 /* MoisesLocalMacApp.swift */ = {isa = PBXFileReference; lastKnownFileType = sourcecode.swift; path = MoisesLocalMacApp.swift; sourceTree = "<group>"; };
		151D4BD11BFA41633506903E /* EngineClient.swift */ = {isa = PBXFileReference; lastKnownFileType = sourcecode.swift; path = EngineClient.swift; sourceTree = "<group>"; };
		4F804113E58D5EC363266C57 /* LibraryStore.swift */ = {isa = PBXFileReference; lastKnownFileType = sourcecode.swift; path = LibraryStore.swift; sourceTree = "<group>"; };
		9E076CDCE1FAF4B44999AD48 /* Models.swift */ = {isa = PBXFileReference; lastKnownFileType = sourcecode.swift; path = Models.swift; sourceTree = "<group>"; };
		A73F001FD576A67A5C74E672 /* LibraryView.swift */ = {isa = PBXFileReference; lastKnownFileType = sourcecode.swift; path = LibraryView.swift; sourceTree = "<group>"; };
		D5A0374C2A3F0FA39E712247 /* ContentView.swift */ = {isa = PBXFileReference; lastKnownFileType = sourcecode.swift; path = ContentView.swift; sourceTree = "<group>"; };
		E5587F5CD594B3F640D0CD25 /* AudioLabSplitterMac.app */ = {isa = PBXFileReference; explicitFileType = wrapper.application; includeInIndex = 0; path = AudioLabSplitterMac.app; sourceTree = BUILT_PRODUCTS_DIR; };
		F6EDD7E0E822419070AC6026 /* EngineManager.swift */ = {isa = PBXFileReference; lastKnownFileType = sourcecode.swift; path = EngineManager.swift; sourceTree = "<group>"; };
/* End PBXFileReference section */

/* Begin PBXFrameworksBuildPhase section */
		3DD21DF772016B6466DCA355 /* Frameworks */ = {
			isa = PBXFrameworksBuildPhase;
			buildActionMask = 2147483647;
			files = (
				DC969430E0D3916FF5955BCF /* libsqlite3.tbd in Frameworks */,
			);
			runOnlyForDeploymentPostprocessing = 0;
		};
/* End PBXFrameworksBuildPhase section */

/* Begin PBXGroup section */
		680FD016C02B8413DD6D69AB = {
			isa = PBXGroup;
			children = (
				D0CBC7B5B87BEF31A15317F9 /* MoisesLocalMac */,
				FDAA7EC45AF2A3EC1D3611B5 /* Frameworks */,
				EAC86537652FEE330A5C4C68 /* Products */,
			);
			sourceTree = "<group>";
		};
		D0CBC7B5B87BEF31A15317F9 /* MoisesLocalMac */ = {
			isa = PBXGroup;
			children = (
				D5A0374C2A3F0FA39E712247 /* ContentView.swift */,
				151D4BD11BFA41633506903E /* EngineClient.swift */,
				F6EDD7E0E822419070AC6026 /* EngineManager.swift */,
				4F804113E58D5EC363266C57 /* LibraryStore.swift */,
				A73F001FD576A67A5C74E672 /* LibraryView.swift */,
				9E076CDCE1FAF4B44999AD48 /* Models.swift */,
				1102C6659C7D99D1B01CADC8 /* MoisesLocalMacApp.swift */,
			);
			path = MoisesLocalMac;
			sourceTree = "<group>";
		};
		EAC86537652FEE330A5C4C68 /* Products */ = {
			isa = PBXGroup;
			children = (
				E5587F5CD594B3F640D0CD25 /* AudioLabSplitterMac.app */,
			);
			name = Products;
			sourceTree = "<group>";
		};
		FDAA7EC45AF2A3EC1D3611B5 /* Frameworks */ = {
			isa = PBXGroup;
			children = (
				0FBDCD633CF1E631AEFE6D19 /* libsqlite3.tbd */,
			);
			name = Frameworks;
			sourceTree = "<group>";
		};
/* End PBXGroup section */

/* Begin PBXNativeTarget section */
		B375C2F7DE62B3DF6AD1EFE1 /* AudioLabSplitterMac */ = {
			isa = PBXNativeTarget;
			buildConfigurationList = BCEA8BA8BEB6AFFFA112FA84 /* Build configuration list for PBXNativeTarget "AudioLabSplitterMac" */;
			buildPhases = (
				6928E6DFA46888446FC9D0D6 /* Sources */,
				3DD21DF772016B6466DCA355 /* Frameworks */,
			);
			buildRules = (
			);
			dependencies = (
			);
			name = AudioLabSplitterMac;
			packageProductDependencies = (
			);
			productName = AudioLabSplitterMac;
			productReference = E5587F5CD594B3F640D0CD25 /* AudioLabSplitterMac.app */;
			productType = "com.apple.product-type.application";
		};
/* End PBXNativeTarget section */

/* Begin PBXProject section */
		12EE915CEAD2ECDDF272EE3A /* Project object */ = {
			isa = PBXProject;
			attributes = {
				BuildIndependentTargetsInParallel = YES;
				LastUpgradeCheck = 1430;
				TargetAttributes = {
				};
			};
			buildConfigurationList = FD102306537FE24962BD3141 /* Build configuration list for PBXProject "AudioLabSplitterMac" */;
			developmentRegion = en;
			hasScannedForEncodings = 0;
			knownRegions = (
				Base,
				en,
			);
			mainGroup = 680FD016C02B8413DD6D69AB;
			minimizedProjectReferenceProxies = 1;
			preferredProjectObjectVersion = 77;
			productRefGroup = EAC86537652FEE330A5C4C68 /* Products */;
			projectDirPath = "";
			projectRoot = "";
			targets = (
				B375C2F7DE62B3DF6AD1EFE1 /* AudioLabSplitterMac */,
			);
		};
/* End PBXProject section */

/* Begin PBXSourcesBuildPhase section */
		6928E6DFA46888446FC9D0D6 /* Sources */ = {
			isa = PBXSourcesBuildPhase;
			buildActionMask = 2147483647;
			files = (
				7D9E660AC3BC617584BF2ED4 /* ContentView.swift in Sources */,
				FB0EF18B3DA2262E25502758 /* EngineClient.swift in Sources */,
				E12121D261E1F662EEBB9445 /* EngineManager.swift in Sources */,
				CCD4B3F294E86D9CB497894C /* LibraryStore.swift in Sources */,
				AD40D1B93501EF86CC44A6E2 /* LibraryView.swift in Sources */,
				AB98F042AD667B3869864695 /* Models.swift in Sources */,
				F9CD7E17B5B211260D233E71 /* MoisesLocalMacApp.swift in Sources */,
			);
			runOnlyForDeploymentPostprocessing = 0;
		};
/* End PBXSourcesBuildPhase section */

/* Begin XCBuildConfiguration section */
		00FB5B20BF88898D8D576457 /* Debug */ = {
			isa = XCBuildConfiguration;
			buildSettings = {
				ASSETCATALOG_COMPILER_APPICON_NAME = AppIcon;
				COMBINE_HIDPI_IMAGES = YES;
				INFOPLIST_KEY_CFBundleDisplayName = AudioLabSplitterMac;
				INFOPLIST_KEY_NSHumanReadableCopyright = "Copyright © 2026";
				LD_RUNPATH_SEARCH_PATHS = (
					"$(inherited)",
					"@executable_path/../Frameworks",
				);
				MACOSX_DEPLOYMENT_TARGET = 13.0;
				PRODUCT_NAME = AudioLabSplitterMac;
				SDKROOT = macosx;
			};
			name = Debug;
		};
		7D7B2005C37751D3D326BE8B /* Release */ = {
			isa = XCBuildConfiguration;
			buildSettings = {
				ASSETCATALOG_COMPILER_APPICON_NAME = AppIcon;
				COMBINE_HIDPI_IMAGES = YES;
				INFOPLIST_KEY_CFBundleDisplayName = AudioLabSplitterMac;
				INFOPLIST_KEY_NSHumanReadableCopyright = "Copyright © 2026";
				LD_RUNPATH_SEARCH_PATHS = (
					"$(inherited)",
					"@executable_path/../Frameworks",
				);
				MACOSX_DEPLOYMENT_TARGET = 13.0;
				PRODUCT_NAME = AudioLabSplitterMac;
				SDKROOT = macosx;
			};
			name = Release;
		};
		9B7B43B5E7DD3D142001C3EE /* Debug */ = {
			isa = XCBuildConfiguration;
			buildSettings = {
				ALWAYS_SEARCH_USER_PATHS = NO;
				CLANG_ANALYZER_NONNULL = YES;
				CLANG_ANALYZER_NUMBER_OBJECT_CONVERSION = YES_AGGRESSIVE;
				CLANG_CXX_LANGUAGE_STANDARD = "gnu++14";
				CLANG_CXX_LIBRARY = "libc++";
				CLANG_ENABLE_MODULES = YES;
				CLANG_ENABLE_OBJC_ARC = YES;
				CLANG_ENABLE_OBJC_WEAK = YES;
				CLANG_WARN_BLOCK_CAPTURE_AUTORELEASING = YES;
				CLANG_WARN_BOOL_CONVERSION = YES;
				CLANG_WARN_COMMA = YES;
				CLANG_WARN_CONSTANT_CONVERSION = YES;
				CLANG_WARN_DEPRECATED_OBJC_IMPLEMENTATIONS = YES;
				CLANG_WARN_DIRECT_OBJC_ISA_USAGE = YES_ERROR;
				CLANG_WARN_DOCUMENTATION_COMMENTS = YES;
				CLANG_WARN_EMPTY_BODY = YES;
				CLANG_WARN_ENUM_CONVERSION = YES;
				CLANG_WARN_INFINITE_RECURSION = YES;
				CLANG_WARN_INT_CONVERSION = YES;
				CLANG_WARN_NON_LITERAL_NULL_CONVERSION = YES;
				CLANG_WARN_OBJC_IMPLICIT_RETAIN_SELF = YES;
				CLANG_WARN_OBJC_LITERAL_CONVERSION = YES;
				CLANG_WARN_OBJC_ROOT_CLASS = YES_ERROR;
				CLANG_WARN_QUOTED_INCLUDE_IN_FRAMEWORK_HEADER = YES;
				CLANG_WARN_RANGE_LOOP_ANALYSIS = YES;
				CLANG_WARN_STRICT_PROTOTYPES = YES;
				CLANG_WARN_SUSPICIOUS_MOVE = YES;
				CLANG_WARN_UNGUARDED_AVAILABILITY = YES_AGGRESSIVE;
				CLANG_WARN_UNREACHABLE_CODE = YES;
				CLANG_WARN__DUPLICATE_METHOD_MATCH = YES;
				COPY_PHASE_STRIP = NO;
				DEBUG_INFORMATION_FORMAT = dwarf;
				ENABLE_STRICT_OBJC_MSGSEND = YES;
				ENABLE_TESTABILITY = YES;
				GCC_C_LANGUAGE_STANDARD = gnu11;
				GCC_DYNAMIC_NO_PIC = NO;
				GCC_NO_COMMON_BLOCKS = YES;
				GCC_OPTIMIZATION_LEVEL = 0;
				GCC_PREPROCESSOR_DEFINITIONS = (
					"$(inherited)",
					"DEBUG=1",
				);
				GCC_WARN_64_TO_32_BIT_CONVERSION = YES;
				GCC_WARN_ABOUT_RETURN_TYPE = YES_ERROR;
				GCC_WARN_UNDECLARED_SELECTOR = YES;
				GCC_WARN_UNINITIALIZED_AUTOS = YES_AGGRESSIVE;
				GCC_WARN_UNUSED_FUNCTION = YES;
				GCC_WARN_UNUSED_VARIABLE = YES;
				MACOSX_DEPLOYMENT_TARGET = 13.0;
				MTL_ENABLE_DEBUG_INFO = INCLUDE_SOURCE;
				MTL_FAST_MATH = YES;
				ONLY_ACTIVE_ARCH = YES;
				PRODUCT_BUNDLE_IDENTIFIER = com.vanmobe.audiolab.splitter;
				PRODUCT_NAME = "$(TARGET_NAME)";
				SDKROOT = macosx;
				SWIFT_ACTIVE_COMPILATION_CONDITIONS = DEBUG;
				SWIFT_OPTIMIZATION_LEVEL = "-Onone";
				SWIFT_VERSION = 6.0;
			};
			name = Debug;
		};
		CAE66362447D1A2CB4AA0F52 /* Release */ = {
			isa = XCBuildConfiguration;
			buildSettings = {
				ALWAYS_SEARCH_USER_PATHS = NO;
				CLANG_ANALYZER_NONNULL = YES;
				CLANG_ANALYZER_NUMBER_OBJECT_CONVERSION = YES_AGGRESSIVE;
				CLANG_CXX_LANGUAGE_STANDARD = "gnu++14";
				CLANG_CXX_LIBRARY = "libc++";
				CLANG_ENABLE_MODULES = YES;
				CLANG_ENABLE_OBJC_ARC = YES;
				CLANG_ENABLE_OBJC_WEAK = YES;
				CLANG_WARN_BLOCK_CAPTURE_AUTORELEASING = YES;
				CLANG_WARN_BOOL_CONVERSION = YES;
				CLANG_WARN_COMMA = YES;
				CLANG_WARN_CONSTANT_CONVERSION = YES;
				CLANG_WARN_DEPRECATED_OBJC_IMPLEMENTATIONS = YES;
				CLANG_WARN_DIRECT_OBJC_ISA_USAGE = YES_ERROR;
				CLANG_WARN_DOCUMENTATION_COMMENTS = YES;
				CLANG_WARN_EMPTY_BODY = YES;
				CLANG_WARN_ENUM_CONVERSION = YES;
				CLANG_WARN_INFINITE_RECURSION = YES;
				CLANG_WARN_INT_CONVERSION = YES;
				CLANG_WARN_NON_LITERAL_NULL_CONVERSION = YES;
				CLANG_WARN_OBJC_IMPLICIT_RETAIN_SELF = YES;
				CLANG_WARN_OBJC_LITERAL_CONVERSION = YES;
				CLANG_WARN_OBJC_ROOT_CLASS = YES_ERROR;
				CLANG_WARN_QUOTED_INCLUDE_IN_FRAMEWORK_HEADER = YES;
				CLANG_WARN_RANGE_LOOP_ANALYSIS = YES;
				CLANG_WARN_STRICT_PROTOTYPES = YES;
				CLANG_WARN_SUSPICIOUS_MOVE = YES;
				CLANG_WARN_UNGUARDED_AVAILABILITY = YES_AGGRESSIVE;
				CLANG_WARN_UNREACHABLE_CODE = YES;
				CLANG_WARN__DUPLICATE_METHOD_MATCH = YES;
				COPY_PHASE_STRIP = NO;
				DEBUG_INFORMATION_FORMAT = "dwarf-with-dsym";
				ENABLE_NS_ASSERTIONS = NO;
				ENABLE_STRICT_OBJC_MSGSEND = YES;
				GCC_C_LANGUAGE_STANDARD = gnu11;
				GCC_NO_COMMON_BLOCKS = YES;
				GCC_WARN_64_TO_32_BIT_CONVERSION = YES;
				GCC_WARN_ABOUT_RETURN_TYPE = YES_ERROR;
				GCC_WARN_UNDECLARED_SELECTOR = YES;
				GCC_WARN_UNINITIALIZED_AUTOS = YES_AGGRESSIVE;
				GCC_WARN_UNUSED_FUNCTION = YES;
				GCC_WARN_UNUSED_VARIABLE = YES;
				MACOSX_DEPLOYMENT_TARGET = 13.0;
				MTL_ENABLE_DEBUG_INFO = NO;
				MTL_FAST_MATH = YES;
				PRODUCT_BUNDLE_IDENTIFIER = com.vanmobe.audiolab.splitter;
				PRODUCT_NAME = "$(TARGET_NAME)";
				SDKROOT = macosx;
				SWIFT_COMPILATION_MODE = wholemodule;
				SWIFT_OPTIMIZATION_LEVEL = "-O";
				SWIFT_VERSION = 6.0;
			};
			name = Release;
		};
/* End XCBuildConfiguration section */

/* Begin XCConfigurationList section */
		BCEA8BA8BEB6AFFFA112FA84 /* Build configuration list for PBXNativeTarget "AudioLabSplitterMac" */ = {
			isa = XCConfigurationList;
			buildConfigurations = (
				00FB5B20BF88898D8D576457 /* Debug */,
				7D7B2005C37751D3D326BE8B /* Release */,
			);
			defaultConfigurationIsVisible = 0;
			defaultConfigurationName = Debug;
		};
		FD102306537FE24962BD3141 /* Build configuration list for PBXProject "AudioLabSplitterMac" */ = {
			isa = XCConfigurationList;
			buildConfigurations = (
				9B7B43B5E7DD3D142001C3EE /* Debug */,
				CAE66362447D1A2CB4AA0F52 /* Release */,
			);
			defaultConfigurationIsVisible = 0;
			defaultConfigurationName = Debug;
		};
/* End XCConfigurationList section */
	};
	rootObject = 12EE915CEAD2ECDDF272EE3A /* Project object */;
}
